
Microsoft Visual Studio Solution File, Format Version 12.00
# Visual Studio 15
VisualStudioVersion = 15.0.28010.2016
MinimumVisualStudioVersion = 10.0.40219.1
Project("{FAE04EC0-301F-11D3-BF4B-00C04F79EFBC}") = "HtmlToPdfTest.Android", "HtmlToPdfTest\HtmlToPdfTest.Android\HtmlToPdfTest.Android.csproj", "{A508E423-F8F1-4D27-BE91-1FA5E2975FCD}"
EndProject
Project("{FAE04EC0-301F-11D3-BF4B-00C04F79EFBC}") = "HtmlToPdfTest.iOS", "HtmlToPdfTest\HtmlToPdfTest.iOS\HtmlToPdfTest.iOS.csproj", "{790E1108-44BF-41F8-AC74-52097FA25699}"
EndProject
Project("{FAE04EC0-301F-11D3-BF4B-00C04F79EFBC}") = "HtmlToPdfTest", "HtmlToPdfTest\HtmlToPdfTest\HtmlToPdfTest.csproj", "{032D15C4-49A6-4768-921B-66DB39179AD1}"
EndProject
Global
	GlobalSection(SolutionConfigurationPlatforms) = preSolution
		Ad-Hoc|Any CPU = Ad-Hoc|Any CPU
		Ad-Hoc|iPhone = Ad-Hoc|iPhone
		Ad-Hoc|iPhoneSimulator = Ad-Hoc|iPhoneSimulator
		AppStore|Any CPU = AppStore|Any CPU
		AppStore|iPhone = AppStore|iPhone
		AppStore|iPhoneSimulator = AppStore|iPhoneSimulator
		Debug|Any CPU = Debug|Any CPU
		Debug|iPhone = Debug|iPhone
		Debug|iPhoneSimulator = Debug|iPhoneSimulator
		Release|Any CPU = Release|Any CPU
		Release|iPhone = Release|iPhone
		Release|iPhoneSimulator = Release|iPhoneSimulator
	EndGlobalSection
	GlobalSection(ProjectConfigurationPlatforms) = postSolution
		{A508E423-F8F1-4D27-BE91-1FA5E2975FCD}.Ad-Hoc|Any CPU.ActiveCfg = Release|Any CPU
		{A508E423-F8F1-4D27-BE91-1FA5E2975FCD}.Ad-Hoc|Any CPU.Build.0 = Release|Any CPU
		{A508E423-F8F1-4D27-BE91-1FA5E2975FCD}.Ad-Hoc|Any CPU.Deploy.0 = Release|Any CPU
		{A508E423-F8F1-4D27-BE91-1FA5E2975FCD}.Ad-Hoc|iPhone.ActiveCfg = Release|Any CPU
		{A508E423-F8F1-4D27-BE91-1FA5E2975FCD}.Ad-Hoc|iPhone.Build.0 = Release|Any CPU
		{A508E423-F8F1-4D27-BE91-1FA5E2975FCD}.Ad-Hoc|iPhone.Deploy.0 = Release|Any CPU
		{A508E423-F8F1-4D27-BE91-1FA5E2975FCD}.Ad-Hoc|iPhoneSimulator.ActiveCfg = Release|Any CPU
		{A508E423-F8F1-4D27-BE91-1FA5E2975FCD}.Ad-Hoc|iPhoneSimulator.Build.0 = Release|Any CPU
		{A508E423-F8F1-4D27-BE91-1FA5E2975FCD}.Ad-Hoc|iPhoneSimulator.Deploy.0 = Release|Any CPU
		{A508E423-F8F1-4D27-BE91-1FA5E2975FCD}.AppStore|Any CPU.ActiveCfg = Release|Any CPU
		{A508E423-F8F1-4D27-BE91-1FA5E2975FCD}.AppStore|Any CPU.Build.0 = Release|Any CPU
		{A508E423-F8F1-4D27-BE91-1FA5E2975FCD}.AppStore|Any CPU.Deploy.0 = Release|Any CPU
		{A508E423-F8F1-4D27-BE91-1FA5E2975FCD}.AppStore|iPhone.ActiveCfg = Release|Any CPU
		{A508E423-F8F1-4D27-BE91-1FA5E2975FCD}.AppStore|iPhone.Build.0 = Release|Any CPU
		{A508E423-F8F1-4D27-BE91-1FA5E2975FCD}.AppStore|iPhone.Deploy.0 = Release|Any CPU
		{A508E423-F8F1-4D27-BE91-1FA5E2975FCD}.AppStore|iPhoneSimulator.ActiveCfg = Release|Any CPU
		{A508E423-F8F1-4D27-BE91-1FA5E2975FCD}.AppStore|iPhoneSimulator.Build.0 = Release|Any CPU
		{A508E423-F8F1-4D27-BE91-1FA5E2975FCD}.AppStore|iPhoneSimulator.Deploy.0 = Release|Any CPU
		{A508E423-F8F1-4D27-BE91-1FA5E2975FCD}.Debug|Any CPU.ActiveCfg = Debug|Any CPU
		{A508E423-F8F1-4D27-BE91-1FA5E2975FCD}.Debug|Any CPU.Build.0 = Debug|Any CPU
		{A508E423-F8F1-4D27-BE91-1FA5E2975FCD}.Debug|Any CPU.Deploy.0 = Debug|Any CPU
		{A508E423-F8F1-4D27-BE91-1FA5E2975FCD}.Debug|iPhone.ActiveCfg = Debug|Any CPU
		{A508E423-F8F1-4D27-BE91-1FA5E2975FCD}.Debug|iPhone.Build.0 = Debug|Any CPU
		{A508E423-F8F1-4D27-BE91-1FA5E2975FCD}.Debug|iPhone.Deploy.0 = Debug|Any CPU
		{A508E423-F8F1-4D27-BE91-1FA5E2975FCD}.Debug|iPhoneSimulator.ActiveCfg = Debug|Any CPU
		{A508E423-F8F1-4D27-BE91-1FA5E2975FCD}.Debug|iPhoneSimulator.Build.0 = Debug|Any CPU
		{A508E423-F8F1-4D27-BE91-1FA5E2975FCD}.Debug|iPhoneSimulator.Deploy.0 = Debug|Any CPU
		{A508E423-F8F1-4D27-BE91-1FA5E2975FCD}.Release|Any CPU.ActiveCfg = Release|Any CPU
		{A508E423-F8F1-4D27-BE91-1FA5E2975FCD}.Release|Any CPU.Build.0 = Release|Any CPU
		{A508E423-F8F1-4D27-BE91-1FA5E2975FCD}.Release|Any CPU.Deploy.0 = Release|Any CPU
		{A508E423-F8F1-4D27-BE91-1FA5E2975FCD}.Release|iPhone.ActiveCfg = Release|Any CPU
		{A508E423-F8F1-4D27-BE91-1FA5E2975FCD}.Release|iPhone.Build.0 = Release|Any CPU
		{A508E423-F8F1-4D27-BE91-1FA5E2975FCD}.Release|iPhone.Deploy.0 = Release|Any CPU
		{A508E423-F8F1-4D27-BE91-1FA5E2975FCD}.Release|iPhoneSimulator.ActiveCfg = Release|Any CPU
		{A508E423-F8F1-4D27-BE91-1FA5E2975FCD}.Release|iPhoneSimulator.Build.0 = Release|Any CPU
		{A508E423-F8F1-4D27-BE91-1FA5E2975FCD}.Release|iPhoneSimulator.Deploy.0 = Release|Any CPU
		{790E1108-44BF-41F8-AC74-52097FA25699}.Ad-Hoc|Any CPU.ActiveCfg = Ad-Hoc|iPhone
		{790E1108-44BF-41F8-AC74-52097FA25699}.Ad-Hoc|Any CPU.Build.0 = Ad-Hoc|iPhone
		{790E1108-44BF-41F8-AC74-52097FA25699}.Ad-Hoc|Any CPU.Deploy.0 = Ad-Hoc|iPhone
		{790E1108-44BF-41F8-AC74-52097FA25699}.Ad-Hoc|iPhone.ActiveCfg = Ad-Hoc|iPhone
		{790E1108-44BF-41F8-AC74-52097FA25699}.Ad-Hoc|iPhone.Build.0 = Ad-Hoc|iPhone
		{790E1108-44BF-41F8-AC74-52097FA25699}.Ad-Hoc|iPhone.Deploy.0 = Ad-Hoc|iPhone
		{790E1108-44BF-41F8-AC74-52097FA25699}.Ad-Hoc|iPhoneSimulator.ActiveCfg = Ad-Hoc|iPhoneSimulator
		{790E1108-44BF-41F8-AC74-52097FA25699}.Ad-Hoc|iPhoneSimulator.Build.0 = Ad-Hoc|iPhoneSimulator
		{790E1108-44BF-41F8-AC74-52097FA25699}.Ad-Hoc|iPhoneSimulator.Deploy.0 = Ad-Hoc|iPhoneSimulator
		{790E1108-44BF-41F8-AC74-52097FA25699}.AppStore|Any CPU.ActiveCfg = AppStore|iPhone
		{790E1108-44BF-41F8-AC74-52097FA25699}.AppStore|Any CPU.Build.0 = AppStore|iPhone
		{790E1108-44BF-41F8-AC74-52097FA25699}.AppStore|Any CPU.Deploy.0 = AppStore|iPhone
		{790E1108-44BF-41F8-AC74-52097FA25699}.AppStore|iPhone.ActiveCfg = AppStore|iPhone
		{790E1108-44BF-41F8-AC74-52097FA25699}.AppStore|iPhone.Build.0 = AppStore|iPhone
		{790E1108-44BF-41F8-AC74-52097FA25699}.AppStore|iPhone.Deploy.0 = AppStore|iPhone
		{790E1108-44BF-41F8-AC74-52097FA25699}.AppStore|iPhoneSimulator.ActiveCfg = AppStore|iPhoneSimulator
		{790E1108-44BF-41F8-AC74-52097FA25699}.AppStore|iPhoneSimulator.Build.0 = AppStore|iPhoneSimulator
		{790E1108-44BF-41F8-AC74-52097FA25699}.AppStore|iPhoneSimulator.Deploy.0 = AppStore|iPhoneSimulator
		{790E1108-44BF-41F8-AC74-52097FA25699}.Debug|Any CPU.ActiveCfg = Debug|iPhoneSimulator
		{790E1108-44BF-41F8-AC74-52097FA25699}.Debug|Any CPU.Build.0 = Debug|iPhoneSimulator
		{790E1108-44BF-41F8-AC74-52097FA25699}.Debug|Any CPU.Deploy.0 = Debug|iPhoneSimulator
		{790E1108-44BF-41F8-AC74-52097FA25699}.Debug|iPhone.ActiveCfg = Debug|iPhone
		{790E1108-44BF-41F8-AC74-52097FA25699}.Debug|iPhone.Build.0 = Debug|iPhone
		{790E1108-44BF-41F8-AC74-52097FA25699}.Debug|iPhone.Deploy.0 = Debug|iPhone
		{790E1108-44BF-41F8-AC74-52097FA25699}.Debug|iPhoneSimulator.ActiveCfg = Debug|iPhoneSimulator
		{790E1108-44BF-41F8-AC74-52097FA25699}.Debug|iPhoneSimulator.Build.0 = Debug|iPhoneSimulator
		{790E1108-44BF-41F8-AC74-52097FA25699}.Debug|iPhoneSimulator.Deploy.0 = Debug|iPhoneSimulator
		{790E1108-44BF-41F8-AC74-52097FA25699}.Release|Any CPU.ActiveCfg = Release|iPhone
		{790E1108-44BF-41F8-AC74-52097FA25699}.Release|Any CPU.Build.0 = Release|iPhone
		{790E1108-44BF-41F8-AC74-52097FA25699}.Release|Any CPU.Deploy.0 = Release|iPhone
		{790E1108-44BF-41F8-AC74-52097FA25699}.Release|iPhone.ActiveCfg = Release|iPhone
		{790E1108-44BF-41F8-AC74-52097FA25699}.Release|iPhone.Build.0 = Release|iPhone
		{790E1108-44BF-41F8-AC74-52097FA25699}.Release|iPhone.Deploy.0 = Release|iPhone
		{790E1108-44BF-41F8-AC74-52097FA25699}.Release|iPhoneSimulator.ActiveCfg = Release|iPhoneSimulator
		{790E1108-44BF-41F8-AC74-52097FA25699}.Release|iPhoneSimulator.Build.0 = Release|iPhoneSimulator
		{790E1108-44BF-41F8-AC74-52097FA25699}.Release|iPhoneSimulator.Deploy.0 = Release|iPhoneSimulator
		{032D15C4-49A6-4768-921B-66DB39179AD1}.Ad-Hoc|Any CPU.ActiveCfg = Debug|Any CPU
		{032D15C4-49A6-4768-921B-66DB39179AD1}.Ad-Hoc|Any CPU.Build.0 = Debug|Any CPU
		{032D15C4-49A6-4768-921B-66DB39179AD1}.Ad-Hoc|Any CPU.Deploy.0 = Debug|Any CPU
		{032D15C4-49A6-4768-921B-66DB39179AD1}.Ad-Hoc|iPhone.ActiveCfg = Debug|Any CPU
		{032D15C4-49A6-4768-921B-66DB39179AD1}.Ad-Hoc|iPhone.Build.0 = Debug|Any CPU
		{032D15C4-49A6-4768-921B-66DB39179AD1}.Ad-Hoc|iPhone.Deploy.0 = Debug|Any CPU
		{032D15C4-49A6-4768-921B-66DB39179AD1}.Ad-Hoc|iPhoneSimulator.ActiveCfg = Debug|Any CPU
		{032D15C4-49A6-4768-921B-66DB39179AD1}.Ad-Hoc|iPhoneSimulator.Build.0 = Debug|Any CPU
		{032D15C4-49A6-4768-921B-66DB39179AD1}.Ad-Hoc|iPhoneSimulator.Deploy.0 = Debug|Any CPU
		{032D15C4-49A6-4768-921B-66DB39179AD1}.AppStore|Any CPU.ActiveCfg = Debug|Any CPU
		{032D15C4-49A6-4768-921B-66DB39179AD1}.AppStore|Any CPU.Build.0 = Debug|Any CPU
		{032D15C4-49A6-4768-921B-66DB39179AD1}.AppStore|Any CPU.Deploy.0 = Debug|Any CPU
		{032D15C4-49A6-4768-921B-66DB39179AD1}.AppStore|iPhone.ActiveCfg = Debug|Any CPU
		{032D15C4-49A6-4768-921B-66DB39179AD1}.AppStore|iPhone.Build.0 = Debug|Any CPU
		{032D15C4-49A6-4768-921B-66DB39179AD1}.AppStore|iPhone.Deploy.0 = Debug|Any CPU
		{032D15C4-49A6-4768-921B-66DB39179AD1}.AppStore|iPhoneSimulator.ActiveCfg = Debug|Any CPU
		{032D15C4-49A6-4768-921B-66DB39179AD1}.AppStore|iPhoneSimulator.Build.0 = Debug|Any CPU
		{032D15C4-49A6-4768-921B-66DB39179AD1}.AppStore|iPhoneSimulator.Deploy.0 = Debug|Any CPU
		{032D15C4-49A6-4768-921B-66DB39179AD1}.Debug|Any CPU.ActiveCfg = Debug|Any CPU
		{032D15C4-49A6-4768-921B-66DB39179AD1}.Debug|Any CPU.Build.0 = Debug|Any CPU
		{032D15C4-49A6-4768-921B-66DB39179AD1}.Debug|Any CPU.Deploy.0 = Debug|Any CPU
		{032D15C4-49A6-4768-921B-66DB39179AD1}.Debug|iPhone.ActiveCfg = Debug|Any CPU
		{032D15C4-49A6-4768-921B-66DB39179AD1}.Debug|iPhone.Build.0 = Debug|Any CPU
		{032D15C4-49A6-4768-921B-66DB39179AD1}.Debug|iPhone.Deploy.0 = Debug|Any CPU
		{032D15C4-49A6-4768-921B-66DB39179AD1}.Debug|iPhoneSimulator.ActiveCfg = Debug|Any CPU
		{032D15C4-49A6-4768-921B-66DB39179AD1}.Debug|iPhoneSimulator.Build.0 = Debug|Any CPU
		{032D15C4-49A6-4768-921B-66DB39179AD1}.Debug|iPhoneSimulator.Deploy.0 = Debug|Any CPU
		{032D15C4-49A6-4768-921B-66DB39179AD1}.Release|Any CPU.ActiveCfg = Release|Any CPU
		{032D15C4-49A6-4768-921B-66DB39179AD1}.Release|Any CPU.Build.0 = Release|Any CPU
		{032D15C4-49A6-4768-921B-66DB39179AD1}.Release|Any CPU.Deploy.0 = Release|Any CPU
		{032D15C4-49A6-4768-921B-66DB39179AD1}.Release|iPhone.ActiveCfg = Release|Any CPU
		{032D15C4-49A6-4768-921B-66DB39179AD1}.Release|iPhone.Build.0 = Release|Any CPU
		{032D15C4-49A6-4768-921B-66DB39179AD1}.Release|iPhone.Deploy.0 = Release|Any CPU
		{032D15C4-49A6-4768-921B-66DB39179AD1}.Release|iPhoneSimulator.ActiveCfg = Release|Any CPU
		{032D15C4-49A6-4768-921B-66DB39179AD1}.Release|iPhoneSimulator.Build.0 = Release|Any CPU
		{032D15C4-49A6-4768-921B-66DB39179AD1}.Release|iPhoneSimulator.Deploy.0 = Release|Any CPU
	EndGlobalSection
	GlobalSection(SolutionProperties) = preSolution
		HideSolutionNode = FALSE
	EndGlobalSection
	GlobalSection(ExtensibilityGlobals) = postSolution
		SolutionGuid = {01749EC2-4BD9-48A3-AE6E-0696B8D06330}
	EndGlobalSection
EndGlobal
